
Microsoft Visual Studio Solution File, Format Version 12.00
# Visual Studio Version 17
VisualStudioVersion = 17.1.32228.430
MinimumVisualStudioVersion = 10.0.40219.1
Project("{2150E333-8FDC-42A3-9474-1A3956D46DE8}") = "Web", "Web", "{C8B2A216-05CF-4551-9B33-748C3E4A8CE7}"
EndProject
Project("{2150E333-8FDC-42A3-9474-1A3956D46DE8}") = "Shared", "Shared", "{F422EB13-EA97-4249-BE89-782F0E0D019E}"
EndProject
Project("{9A19103F-16F7-4668-BE54-9A1E7A4F7556}") = "Components", "Components\Components.csproj", "{9A894BAD-E22E-4139-A734-C8E89BC00669}"
EndProject
Project("{2150E333-8FDC-42A3-9474-1A3956D46DE8}") = "Maui", "Maui", "{8EDDBF0B-E380-4BEF-983B-A7970DAA0831}"
EndProject
Project("{9A19103F-16F7-4668-BE54-9A1E7A4F7556}") = "MauiAppDemo", "MauiAppDemo\MauiAppDemo.csproj", "{D65CA679-304D-4A15-9D7F-7F4EEABE7AD5}"
EndProject
Project("{FAE04EC0-301F-11D3-BF4B-00C04F79EFBC}") = "BlazorWebAssemblyDemo.Server", "BlazorWebAssemblyDemo\Server\BlazorWebAssemblyDemo.Server.csproj", "{D8F4037F-523A-4717-99CD-B47364EE7B6A}"
EndProject
Project("{FAE04EC0-301F-11D3-BF4B-00C04F79EFBC}") = "BlazorWebAssemblyDemo.Client", "BlazorWebAssemblyDemo\Client\BlazorWebAssemblyDemo.Client.csproj", "{BC893DD6-DCED-43BF-9282-5B4A6BD53F82}"
EndProject
Project("{FAE04EC0-301F-11D3-BF4B-00C04F79EFBC}") = "BlazorWebAssemblyDemo.Shared", "BlazorWebAssemblyDemo\Shared\BlazorWebAssemblyDemo.Shared.csproj", "{12AC4F3F-4AA9-4475-9ACD-B442AE997F69}"
EndProject
Global
	GlobalSection(SolutionConfigurationPlatforms) = preSolution
		Debug|Any CPU = Debug|Any CPU
		Release|Any CPU = Release|Any CPU
	EndGlobalSection
	GlobalSection(ProjectConfigurationPlatforms) = postSolution
		{9A894BAD-E22E-4139-A734-C8E89BC00669}.Debug|Any CPU.ActiveCfg = Debug|Any CPU
		{9A894BAD-E22E-4139-A734-C8E89BC00669}.Debug|Any CPU.Build.0 = Debug|Any CPU
		{9A894BAD-E22E-4139-A734-C8E89BC00669}.Release|Any CPU.ActiveCfg = Release|Any CPU
		{9A894BAD-E22E-4139-A734-C8E89BC00669}.Release|Any CPU.Build.0 = Release|Any CPU
		{D65CA679-304D-4A15-9D7F-7F4EEABE7AD5}.Debug|Any CPU.ActiveCfg = Debug|Any CPU
		{D65CA679-304D-4A15-9D7F-7F4EEABE7AD5}.Debug|Any CPU.Build.0 = Debug|Any CPU
		{D65CA679-304D-4A15-9D7F-7F4EEABE7AD5}.Debug|Any CPU.Deploy.0 = Debug|Any CPU
		{D65CA679-304D-4A15-9D7F-7F4EEABE7AD5}.Release|Any CPU.ActiveCfg = Release|Any CPU
		{D65CA679-304D-4A15-9D7F-7F4EEABE7AD5}.Release|Any CPU.Build.0 = Release|Any CPU
		{D65CA679-304D-4A15-9D7F-7F4EEABE7AD5}.Release|Any CPU.Deploy.0 = Release|Any CPU
		{D8F4037F-523A-4717-99CD-B47364EE7B6A}.Debug|Any CPU.ActiveCfg = Debug|Any CPU
		{D8F4037F-523A-4717-99CD-B47364EE7B6A}.Debug|Any CPU.Build.0 = Debug|Any CPU
		{D8F4037F-523A-4717-99CD-B47364EE7B6A}.Release|Any CPU.ActiveCfg = Release|Any CPU
		{D8F4037F-523A-4717-99CD-B47364EE7B6A}.Release|Any CPU.Build.0 = Release|Any CPU
		{BC893DD6-DCED-43BF-9282-5B4A6BD53F82}.Debug|Any CPU.ActiveCfg = Debug|Any CPU
		{BC893DD6-DCED-43BF-9282-5B4A6BD53F82}.Debug|Any CPU.Build.0 = Debug|Any CPU
		{BC893DD6-DCED-43BF-9282-5B4A6BD53F82}.Release|Any CPU.ActiveCfg = Release|Any CPU
		{BC893DD6-DCED-43BF-9282-5B4A6BD53F82}.Release|Any CPU.Build.0 = Release|Any CPU
		{12AC4F3F-4AA9-4475-9ACD-B442AE997F69}.Debug|Any CPU.ActiveCfg = Debug|Any CPU
		{12AC4F3F-4AA9-4475-9ACD-B442AE997F69}.Debug|Any CPU.Build.0 = Debug|Any CPU
		{12AC4F3F-4AA9-4475-9ACD-B442AE997F69}.Release|Any CPU.ActiveCfg = Release|Any CPU
		{12AC4F3F-4AA9-4475-9ACD-B442AE997F69}.Release|Any CPU.Build.0 = Release|Any CPU
	EndGlobalSection
	GlobalSection(SolutionProperties) = preSolution
		HideSolutionNode = FALSE
	EndGlobalSection
	GlobalSection(NestedProjects) = preSolution
		{9A894BAD-E22E-4139-A734-C8E89BC00669} = {F422EB13-EA97-4249-BE89-782F0E0D019E}
		{D65CA679-304D-4A15-9D7F-7F4EEABE7AD5} = {8EDDBF0B-E380-4BEF-983B-A7970DAA0831}
		{D8F4037F-523A-4717-99CD-B47364EE7B6A} = {C8B2A216-05CF-4551-9B33-748C3E4A8CE7}
		{BC893DD6-DCED-43BF-9282-5B4A6BD53F82} = {C8B2A216-05CF-4551-9B33-748C3E4A8CE7}
		{12AC4F3F-4AA9-4475-9ACD-B442AE997F69} = {C8B2A216-05CF-4551-9B33-748C3E4A8CE7}
	EndGlobalSection
	GlobalSection(ExtensibilityGlobals) = postSolution
		SolutionGuid = {EC397AA3-F32C-4F44-B434-C18F9BE286B2}
	EndGlobalSection
EndGlobal
